
Microsoft Visual Studio Solution File, Format Version 12.00
# Visual Studio Version 17
VisualStudioVersion = 17.9.34701.34
MinimumVisualStudioVersion = 10.0.40219.1
Project("{FAE04EC0-301F-11D3-BF4B-00C04F79EFBC}") = "L3 AChernii EC-4", "L3 AChernii EC-4.csproj", "{EC9BB273-C759-4B18-9840-96DF97F781E7}"
EndProject
Global
	GlobalSection(SolutionConfigurationPlatforms) = preSolution
		Debug|Any CPU = Debug|Any CPU
		Release|Any CPU = Release|Any CPU
	EndGlobalSection
	GlobalSection(ProjectConfigurationPlatforms) = postSolution
		{EC9BB273-C759-4B18-9840-96DF97F781E7}.Debug|Any CPU.ActiveCfg = Debug|Any CPU
		{EC9BB273-C759-4B18-9840-96DF97F781E7}.Debug|Any CPU.Build.0 = Debug|Any CPU
		{EC9BB273-C759-4B18-9840-96DF97F781E7}.Release|Any CPU.ActiveCfg = Release|Any CPU
		{EC9BB273-C759-4B18-9840-96DF97F781E7}.Release|Any CPU.Build.0 = Release|Any CPU
	EndGlobalSection
	GlobalSection(SolutionProperties) = preSolution
		HideSolutionNode = FALSE
	EndGlobalSection
	GlobalSection(ExtensibilityGlobals) = postSolution
		SolutionGuid = {0DE74C67-619D-418D-8C33-89C6C3F338AA}
	EndGlobalSection
EndGlobal
