
Microsoft Visual Studio Solution File, Format Version 12.00
# Visual Studio Version 17
VisualStudioVersion = 17.10.34928.147
MinimumVisualStudioVersion = 10.0.40219.1
Project("{FAE04EC0-301F-11D3-BF4B-00C04F79EFBC}") = "lab3_patterns", "lab3_patterns\lab3_patterns.csproj", "{1CAAE0D3-2D9E-4EC8-B73F-2109DD3FB4F5}"
EndProject
Global
	GlobalSection(SolutionConfigurationPlatforms) = preSolution
		Debug|Any CPU = Debug|Any CPU
		Release|Any CPU = Release|Any CPU
	EndGlobalSection
	GlobalSection(ProjectConfigurationPlatforms) = postSolution
		{1CAAE0D3-2D9E-4EC8-B73F-2109DD3FB4F5}.Debug|Any CPU.ActiveCfg = Debug|Any CPU
		{1CAAE0D3-2D9E-4EC8-B73F-2109DD3FB4F5}.Debug|Any CPU.Build.0 = Debug|Any CPU
		{1CAAE0D3-2D9E-4EC8-B73F-2109DD3FB4F5}.Release|Any CPU.ActiveCfg = Release|Any CPU
		{1CAAE0D3-2D9E-4EC8-B73F-2109DD3FB4F5}.Release|Any CPU.Build.0 = Release|Any CPU
	EndGlobalSection
	GlobalSection(SolutionProperties) = preSolution
		HideSolutionNode = FALSE
	EndGlobalSection
	GlobalSection(ExtensibilityGlobals) = postSolution
		SolutionGuid = {3335DB08-0045-48A5-8B92-67CE78B5599B}
	EndGlobalSection
EndGlobal
