
Microsoft Visual Studio Solution File, Format Version 12.00
# Visual Studio Version 17
VisualStudioVersion = 17.9.34701.34
MinimumVisualStudioVersion = 10.0.40219.1
Project("{FAE04EC0-301F-11D3-BF4B-00C04F79EFBC}") = "Laba2", "Laba2\Laba2.csproj", "{625B5CA9-CEAF-43D7-AC45-667A1A57E1F2}"
EndProject
Global
	GlobalSection(SolutionConfigurationPlatforms) = preSolution
		Debug|Any CPU = Debug|Any CPU
		Release|Any CPU = Release|Any CPU
	EndGlobalSection
	GlobalSection(ProjectConfigurationPlatforms) = postSolution
		{625B5CA9-CEAF-43D7-AC45-667A1A57E1F2}.Debug|Any CPU.ActiveCfg = Debug|Any CPU
		{625B5CA9-CEAF-43D7-AC45-667A1A57E1F2}.Debug|Any CPU.Build.0 = Debug|Any CPU
		{625B5CA9-CEAF-43D7-AC45-667A1A57E1F2}.Release|Any CPU.ActiveCfg = Release|Any CPU
		{625B5CA9-CEAF-43D7-AC45-667A1A57E1F2}.Release|Any CPU.Build.0 = Release|Any CPU
	EndGlobalSection
	GlobalSection(SolutionProperties) = preSolution
		HideSolutionNode = FALSE
	EndGlobalSection
	GlobalSection(ExtensibilityGlobals) = postSolution
		SolutionGuid = {5CD86C99-33B5-4B05-9AFE-DD71743650A3}
	EndGlobalSection
EndGlobal
